
Microsoft Visual Studio Solution File, Format Version 12.00
# Visual Studio Version 16
VisualStudioVersion = 16.0.31112.23
MinimumVisualStudioVersion = 10.0.40219.1
Project("{FAE04EC0-301F-11D3-BF4B-00C04F79EFBC}") = "BoySaloon", "BoySaloon.csproj", "{470DC20A-18D5-4A2F-9F6C-C152B5FC485C}"
EndProject
Global
	GlobalSection(SolutionConfigurationPlatforms) = preSolution
		Debug|Any CPU = Debug|Any CPU
		Release|Any CPU = Release|Any CPU
	EndGlobalSection
	GlobalSection(ProjectConfigurationPlatforms) = postSolution
		{470DC20A-18D5-4A2F-9F6C-C152B5FC485C}.Debug|Any CPU.ActiveCfg = Debug|Any CPU
		{470DC20A-18D5-4A2F-9F6C-C152B5FC485C}.Debug|Any CPU.Build.0 = Debug|Any CPU
		{470DC20A-18D5-4A2F-9F6C-C152B5FC485C}.Release|Any CPU.ActiveCfg = Release|Any CPU
		{470DC20A-18D5-4A2F-9F6C-C152B5FC485C}.Release|Any CPU.Build.0 = Release|Any CPU
	EndGlobalSection
	GlobalSection(SolutionProperties) = preSolution
		HideSolutionNode = FALSE
	EndGlobalSection
	GlobalSection(ExtensibilityGlobals) = postSolution
		SolutionGuid = {58D9C8D7-B2D9-400B-8561-43AE7F5653D4}
	EndGlobalSection
EndGlobal
